PODS:
  - HyphenateFullSDK (3.1.4)
  - UMengSocialCOM (5.2.1)

DEPENDENCIES:
  - HyphenateFullSDK (from `https://github.com/easemob/hyphenate-full-cocoapods.git`)
  - UMengSocialCOM (~> 5.2.1)

EXTERNAL SOURCES:
  HyphenateFullSDK:
    :git: https://github.com/easemob/hyphenate-full-cocoapods.git

CHECKOUT OPTIONS:
  HyphenateFullSDK:
    :commit: c2c32b7451f9239cb0be8ced67b3836e6f4288e4
    :git: https://github.com/easemob/hyphenate-full-cocoapods.git

SPEC CHECKSUMS:
  HyphenateFullSDK: 0640f9710da83da7a08928f074da718ed3368277
  UMengSocialCOM: 074c135ce349aa4c8848d3fb8458757bcb6ffb67

PODFILE CHECKSUM: eb73fa007da54585c99f4de4b23a5f3082535d4b

COCOAPODS: 1.0.1
